{
  "name": "render",
  "version": "1.0.0",
  "lockfileVersion": 3,
  "requires": true,
  "packages": {
    "": {
      "name": "render",
      "version": "1.0.0",
      "license": "ISC",
      "dependencies": {
        "katex": "^0.18.1",
        "marked": "^18.0.7"
      }
    },
    "node_modules/commander": {
      "version": "8.3.0",
      "resolved": "https://registry.npmjs.org/commander/-/commander-8.3.0.tgz",
      "integrity": "sha512-OkTL9umf+He2DZkUq8f8J9of7yL6RJKI24dVITBmNfZBmri9zYZQrKkuXiKhyfPSu8tUhnVBB1iKXevvnlR4Ww==",
      "license": "MIT",
      "engines": {
        "node": ">= 12"
      }
    },
    "node_modules/katex": {
      "version": "0.18.1",
      "resolved": "https://registry.npmjs.org/katex/-/katex-0.18.1.tgz",
      "integrity": "sha512-Td8GCYSxDAoMhHOlKmCFMJ/hz5qlAAb71n66Dryw9nfCVfumLo7nhuotbvKom/XPADmrYC3O5QR71EPq4DarJQ==",
      "funding": [
        "https://opencollective.com/katex",
        "https://github.com/sponsors/katex"
      ],
      "license": "MIT",
      "dependencies": {
        "commander": "^8.3.0"
      },
      "bin": {
        "katex": "cli.js"
      }
    },
    "node_modules/marked": {
      "version": "18.0.7",
      "resolved": "https://registry.npmjs.org/marked/-/marked-18.0.7.tgz",
      "integrity": "sha512-iDVQ5ldaiKXn6b2JroX5kgRfmwgqolW7NpaEzTl1k/2Zh1njIEN9yniyLV/mOvWwtsE8OGgkjsCYvijuPk1dtA==",
      "license": "MIT",
      "bin": {
        "marked": "bin/marked.js"
      },
      "engines": {
        "node": ">= 20"
      }
    }
  }
}
